
Microsoft Visual Studio Solution File, Format Version 12.00
# Visual Studio Version 17
VisualStudioVersion = 17.7.34009.444
MinimumVisualStudioVersion = 10.0.40219.1
Project("{FAE04EC0-301F-11D3-BF4B-00C04F79EFBC}") = "crudSQL", "crudSQL.csproj", "{20650874-D504-44D5-90BE-802DA808AB60}"
EndProject
Global
	GlobalSection(SolutionConfigurationPlatforms) = preSolution
		Debug|Any CPU = Debug|Any CPU
		Release|Any CPU = Release|Any CPU
	EndGlobalSection
	GlobalSection(ProjectConfigurationPlatforms) = postSolution
		{20650874-D504-44D5-90BE-802DA808AB60}.Debug|Any CPU.ActiveCfg = Debug|Any CPU
		{20650874-D504-44D5-90BE-802DA808AB60}.Debug|Any CPU.Build.0 = Debug|Any CPU
		{20650874-D504-44D5-90BE-802DA808AB60}.Release|Any CPU.ActiveCfg = Release|Any CPU
		{20650874-D504-44D5-90BE-802DA808AB60}.Release|Any CPU.Build.0 = Release|Any CPU
	EndGlobalSection
	GlobalSection(SolutionProperties) = preSolution
		HideSolutionNode = FALSE
	EndGlobalSection
	GlobalSection(ExtensibilityGlobals) = postSolution
		SolutionGuid = {3F9675E2-FE61-451D-9431-3E5390AFB781}
	EndGlobalSection
EndGlobal
